	<Project xmlns="http://schemas.microsoft.com/developer/msbuild/2003">
		<PropertyGroup>
			<ProjectGuid>{78B9FE5E-CAC0-4872-9F5A-6104292D1C7D}</ProjectGuid>
			<ProjectVersion>12.0</ProjectVersion>
			<MainSource>ProtocoloLain.dpr</MainSource>
			<Config Condition="'$(Config)'==''">Debug</Config>
			<DCC_DCCCompiler>DCC32</DCC_DCCCompiler>
		</PropertyGroup>
		<PropertyGroup Condition="'$(Config)'=='Base' or '$(Base)'!=''">
			<Base>true</Base>
		</PropertyGroup>
		<PropertyGroup Condition="'$(Config)'=='Release' or '$(Cfg_1)'!=''">
			<Cfg_1>true</Cfg_1>
			<CfgParent>Base</CfgParent>
			<Base>true</Base>
		</PropertyGroup>
		<PropertyGroup Condition="'$(Config)'=='Debug' or '$(Cfg_2)'!=''">
			<Cfg_2>true</Cfg_2>
			<CfgParent>Base</CfgParent>
			<Base>true</Base>
		</PropertyGroup>
		<PropertyGroup Condition="'$(Base)'!=''">
			<DCC_DependencyCheckOutputName>ProtocoloLain.exe</DCC_DependencyCheckOutputName>
			<DCC_UsePackage>vcl;rtl;vclx;vclimg;vclactnband;dbrtl;vcldb;vcldbx;bdertl;vcltouch;xmlrtl;dsnap;dsnapcon;TeeUI;TeeDB;Tee;adortl;IndyCore;IndySystem;IndyProtocols;inet;intrawebdb_100_140;Intraweb_100_140;VclSmp;vclie;websnap;webdsnap;inetdb;inetdbbde;inetdbxpress;soaprtl;dbexpress;DbxCommonDriver;DataSnapIndy10ServerTransport;DataSnapProviderClient;DbxClientDriver;DataSnapServer;DBXInterBaseDriver;DBXMySQLDriver;dbxcds;DBXFirebirdDriver;DBXSybaseASEDriver;DBXSybaseASADriver;DBXOracleDriver;DBXMSSQLDriver;DBXInformixDriver;DBXDb2Driver;fs14;frx14;fsDB14;frxDB14;fsBDE14;frxBDE14;fsADO14;frxADO14;frxDBX14;frxe14;fsTee14;frxTee14;TCFLib140;dxCoreD14;cxLibraryD14;cxEditorsD14;cxExtEditorsD14;dxBarD14;dxBarDBNavD14;dxBarExtDBItemsD14;dxBarExtItemsD14;dxRibbonD14;cxBarEditItemD14;dxdbtrD14;dxtrmdD14;dxmdsD14;dxDockingD14;dxThemeD14;dxGDIPlusD14;dxFlowChartD14;cxPageControlD14;dxLayoutControlD14;dxNavBarD14;dxorgcD14;dxdborD14;cxGridD14;cxPivotGridD14;cxPivotGridChartD14;cxPivotGridOLAPD14;cxTreeListD14;cxTreeListdxBarPopupMenuD14;cxSchedulerD14;cxSchedulerGridD14;dxComnD14;dxsbD14;dcldxSkinsCoreD14;dxSkinsCoreD14;dxSkinscxPCPainterD14;dxSkinscxScheduler3PainterD14;dxSkinsdxDLPainterD14;dxSkinsdxBarPainterD14;dxSkinsdxNavBar2PainterD14;dxSpellCheckerD14;cxSpreadSheetD14;cxVerticalGridD14;dxPSCoreD14;dxPSLnksD14;dxPScxCommonD14;dxPScxExtCommonD14;dxPScxGrid6LnkD14;dxPScxPivotGrid2LnkD14;dxPScxScheduler3LnkD14;dxPScxSSLnkD14;dxPScxTL5LnkD14;dxPScxVGridLnkD14;dxPSTeeChartD14;dxPSDBTeeChartD14;dxPSdxOCLnkD14;dxPSdxDBOCLnkD14;dxPSdxDBTVLnkD14;dxPSdxFCLnkD14;dxPSdxLC2LnkD14;dxPScxPCProdD14;dxPsPrVwAdvD14;dxPSPrVwRibbonD14;dxSkinsdxRibbonPainterD14;dxSkinXmas2008BlueD14;dxSkinBlackD14;dxSkinBlueD14;dxSkinCaramelD14;dxSkinCoffeeD14;dxSkinDarkRoomD14;dxSkinDarkSideD14;dxSkinFoggyD14;dxSkinGlassOceansD14;dxSkiniMaginaryD14;dxSkinLilianD14;dxSkinLiquidSkyD14;dxSkinLondonLiquidSkyD14;dxSkinMcSkinD14;dxSkinMoneyTwinsD14;dxSkinOffice2007BlackD14;dxSkinOffice2007BlueD14;dxSkinOffice2007GreenD14;dxSkinOffice2007PinkD14;dxSkinOffice2007SilverD14;dxSkinOffice2010BlackD14;dxSkinOffice2010BlueD14;dxSkinOffice2010SilverD14;dxSkinPumpkinD14;dxSkinSevenD14;dxSkinSharpD14;dxSkinSilverD14;dxSkinSpringTimeD14;dxSkinStardustD14;dxSkinSummer2008D14;dxSkinValentineD14;gbCobD15;Delfi;EhLib140;FIBPlus2010;tmsd2010;mySQLDAC14;Flash;Package1</DCC_UsePackage>
			<DCC_UnitAlias>WinTypes=Windows;WinProcs=Windows;DbiTypes=BDE;DbiProcs=BDE;DbiErrs=BDE;$(DCC_UnitAlias)</DCC_UnitAlias>
			<DCC_ImageBase>00400000</DCC_ImageBase>
			<DCC_Platform>x86</DCC_Platform>
		</PropertyGroup>
		<PropertyGroup Condition="'$(Cfg_1)'!=''">
			<DCC_LocalDebugSymbols>false</DCC_LocalDebugSymbols>
			<DCC_Define>RELEASE;$(DCC_Define)</DCC_Define>
			<DCC_SymbolReferenceInfo>0</DCC_SymbolReferenceInfo>
			<DCC_DebugInformation>false</DCC_DebugInformation>
		</PropertyGroup>
		<PropertyGroup Condition="'$(Cfg_2)'!=''">
			<DCC_Define>DEBUG;$(DCC_Define)</DCC_Define>
		</PropertyGroup>
		<ItemGroup>
			<DelphiCompile Include="ProtocoloLain.dpr">
				<MainSource>MainSource</MainSource>
			</DelphiCompile>
			<DCCReference Include="ULeitura.pas">
				<Form>FLeitura</Form>
			</DCCReference>
			<DCCReference Include="UOpen.pas">
				<Form>FOpen</Form>
			</DCCReference>
			<DCCReference Include="UPage.pas">
				<Form>FPage</Form>
			</DCCReference>
			<DCCReference Include="UPlay.pas">
				<Form>FPlay</Form>
			</DCCReference>
			<BuildConfiguration Include="Base">
				<Key>Base</Key>
			</BuildConfiguration>
			<BuildConfiguration Include="Debug">
				<Key>Cfg_2</Key>
				<CfgParent>Base</CfgParent>
			</BuildConfiguration>
			<BuildConfiguration Include="Release">
				<Key>Cfg_1</Key>
				<CfgParent>Base</CfgParent>
			</BuildConfiguration>
		</ItemGroup>
		<Import Project="$(BDS)\Bin\CodeGear.Delphi.Targets" Condition="Exists('$(BDS)\Bin\CodeGear.Delphi.Targets')"/>
		<ProjectExtensions>
			<Borland.Personality>Delphi.Personality.12</Borland.Personality>
			<Borland.ProjectType/>
			<BorlandProject>
				<Delphi.Personality>
					<Parameters>
						<Parameters Name="UseLauncher">False</Parameters>
						<Parameters Name="LoadAllSymbols">True</Parameters>
						<Parameters Name="LoadUnspecifiedSymbols">False</Parameters>
					</Parameters>
					<VersionInfo>
						<VersionInfo Name="IncludeVerInfo">True</VersionInfo>
						<VersionInfo Name="AutoIncBuild">False</VersionInfo>
						<VersionInfo Name="MajorVer">1</VersionInfo>
						<VersionInfo Name="MinorVer">2</VersionInfo>
						<VersionInfo Name="Release">2</VersionInfo>
						<VersionInfo Name="Build">4</VersionInfo>
						<VersionInfo Name="Debug">False</VersionInfo>
						<VersionInfo Name="PreRelease">False</VersionInfo>
						<VersionInfo Name="Special">False</VersionInfo>
						<VersionInfo Name="Private">False</VersionInfo>
						<VersionInfo Name="DLL">False</VersionInfo>
						<VersionInfo Name="Locale">1046</VersionInfo>
						<VersionInfo Name="CodePage">1252</VersionInfo>
					</VersionInfo>
					<VersionInfoKeys>
						<VersionInfoKeys Name="CompanyName"/>
						<VersionInfoKeys Name="FileDescription"/>
						<VersionInfoKeys Name="FileVersion">1.2.2.4</VersionInfoKeys>
						<VersionInfoKeys Name="InternalName"/>
						<VersionInfoKeys Name="LegalCopyright"/>
						<VersionInfoKeys Name="LegalTrademarks"/>
						<VersionInfoKeys Name="OriginalFilename"/>
						<VersionInfoKeys Name="ProductName"/>
						<VersionInfoKeys Name="ProductVersion">1.0.0.0</VersionInfoKeys>
						<VersionInfoKeys Name="Comments"/>
					</VersionInfoKeys>
					<Source>
						<Source Name="MainSource">ProtocoloLain.dpr</Source>
					</Source>
					<DebugSysEnvironmentVariables>
						<DebugSysEnvironmentVariables Name="__COMPAT_LAYER">&apos;RunAsAdmin&apos;</DebugSysEnvironmentVariables>
						<DebugSysEnvironmentVariables Name="ALLUSERSPROFILE">&apos;C:\ProgramData&apos;</DebugSysEnvironmentVariables>
						<DebugSysEnvironmentVariables Name="APPDATA">&apos;C:\Users\PC-dev\AppData\Roaming&apos;</DebugSysEnvironmentVariables>
						<DebugSysEnvironmentVariables Name="BDS">&apos;c:\program files (x86)\embarcadero\rad studio\7.0&apos;</DebugSysEnvironmentVariables>
						<DebugSysEnvironmentVariables Name="BDSAppDataBaseDir">&apos;BDS&apos;</DebugSysEnvironmentVariables>
						<DebugSysEnvironmentVariables Name="BDSCOMMONDIR">&apos;C:\Users\Public\Documents\RAD Studio\7.0&apos;</DebugSysEnvironmentVariables>
						<DebugSysEnvironmentVariables Name="BDSPROJECTSDIR">&apos;C:\Users\PC-dev\Documents\RAD Studio\Projects&apos;</DebugSysEnvironmentVariables>
						<DebugSysEnvironmentVariables Name="BDSUSERDIR">&apos;C:\Users\PC-dev\Documents\RAD Studio\7.0&apos;</DebugSysEnvironmentVariables>
						<DebugSysEnvironmentVariables Name="CG_BOOST_ROOT">&apos;C:\Program Files (x86)\Embarcadero\RAD Studio\7.0\include\boost_1_39&apos;</DebugSysEnvironmentVariables>
						<DebugSysEnvironmentVariables Name="CommonProgramFiles(x86)">&apos;C:\Program Files (x86)\Common Files&apos;</DebugSysEnvironmentVariables>
						<DebugSysEnvironmentVariables Name="CommonProgramFiles">&apos;C:\Program Files (x86)\Common Files&apos;</DebugSysEnvironmentVariables>
						<DebugSysEnvironmentVariables Name="CommonProgramW6432">&apos;C:\Program Files\Common Files&apos;</DebugSysEnvironmentVariables>
						<DebugSysEnvironmentVariables Name="COMPUTERNAME">&apos;PC-DEV-PC&apos;</DebugSysEnvironmentVariables>
						<DebugSysEnvironmentVariables Name="ComSpec">&apos;C:\Windows\system32\cmd.exe&apos;</DebugSysEnvironmentVariables>
						<DebugSysEnvironmentVariables Name="DELPHI">&apos;c:\program files (x86)\embarcadero\rad studio\7.0&apos;</DebugSysEnvironmentVariables>
						<DebugSysEnvironmentVariables Name="FP_NO_HOST_CHECK">&apos;NO&apos;</DebugSysEnvironmentVariables>
						<DebugSysEnvironmentVariables Name="HOMEDRIVE">&apos;C:&apos;</DebugSysEnvironmentVariables>
						<DebugSysEnvironmentVariables Name="HOMEPATH">&apos;\Users\PC-dev&apos;</DebugSysEnvironmentVariables>
						<DebugSysEnvironmentVariables Name="LOCALAPPDATA">&apos;C:\Users\PC-dev\AppData\Local&apos;</DebugSysEnvironmentVariables>
						<DebugSysEnvironmentVariables Name="LOGONSERVER">&apos;\\PC-DEV-PC&apos;</DebugSysEnvironmentVariables>
						<DebugSysEnvironmentVariables Name="NUMBER_OF_PROCESSORS">&apos;4&apos;</DebugSysEnvironmentVariables>
						<DebugSysEnvironmentVariables Name="OS">&apos;Windows_NT&apos;</DebugSysEnvironmentVariables>
						<DebugSysEnvironmentVariables Name="Path">&apos;C:\Program Files (x86)\Embarcadero\RAD Studio\7.0\bin;C:\Users\Public\Documents\RAD Studio\7.0\Bpl;C:\Program Files\Broadcom\Broadcom 802.11 Network Adapter\Driver;;C:\Program Files (x86)\Intel\iCLS Client\;C:\Program Files\Intel\iCLS Client\;C:\Windows\system32;C:\Windows;C:\Windows\System32\Wbem;C:\Windows\System32\WindowsPowerShell\v1.0\;C:\Program Files\Intel\Intel(R) Management Engine Components\DAL;C:\Program Files\Intel\Intel(R) Management Engine Components\IPT;C:\Program Files (x86)\Intel\Intel(R) Management Engine Components\DAL;C:\Program Files (x86)\Intel\Intel(R) Management Engine Components\IPT;C:\Program Files (x86)\Intel\OpenCL SDK\2.0\bin\x86;C:\Program Files (x86)\Intel\OpenCL SDK\2.0\bin\x64;C:\Program Files\TortoiseSVN\bin;C:\Program Files (x86)\Embarcadero\D14\ACBR\Lib\Delphi\LibD14&apos;</DebugSysEnvironmentVariables>
						<DebugSysEnvironmentVariables Name="PATHEXT">&apos;.COM;.EXE;.BAT;.CMD;.VBS;.VBE;.JS;.JSE;.WSF;.WSH;.MSC&apos;</DebugSysEnvironmentVariables>
						<DebugSysEnvironmentVariables Name="PROCESSOR_ARCHITECTURE">&apos;x86&apos;</DebugSysEnvironmentVariables>
						<DebugSysEnvironmentVariables Name="PROCESSOR_ARCHITEW6432">&apos;AMD64&apos;</DebugSysEnvironmentVariables>
						<DebugSysEnvironmentVariables Name="PROCESSOR_IDENTIFIER">&apos;Intel64 Family 6 Model 58 Stepping 9, GenuineIntel&apos;</DebugSysEnvironmentVariables>
						<DebugSysEnvironmentVariables Name="PROCESSOR_LEVEL">&apos;6&apos;</DebugSysEnvironmentVariables>
						<DebugSysEnvironmentVariables Name="PROCESSOR_REVISION">&apos;3a09&apos;</DebugSysEnvironmentVariables>
						<DebugSysEnvironmentVariables Name="ProgramData">&apos;C:\ProgramData&apos;</DebugSysEnvironmentVariables>
						<DebugSysEnvironmentVariables Name="ProgramFiles(x86)">&apos;C:\Program Files (x86)&apos;</DebugSysEnvironmentVariables>
						<DebugSysEnvironmentVariables Name="ProgramFiles">&apos;C:\Program Files (x86)&apos;</DebugSysEnvironmentVariables>
						<DebugSysEnvironmentVariables Name="ProgramW6432">&apos;C:\Program Files&apos;</DebugSysEnvironmentVariables>
						<DebugSysEnvironmentVariables Name="PSModulePath">&apos;C:\Windows\system32\WindowsPowerShell\v1.0\Modules\&apos;</DebugSysEnvironmentVariables>
						<DebugSysEnvironmentVariables Name="PUBLIC">&apos;C:\Users\Public&apos;</DebugSysEnvironmentVariables>
						<DebugSysEnvironmentVariables Name="SESSIONNAME">&apos;Console&apos;</DebugSysEnvironmentVariables>
						<DebugSysEnvironmentVariables Name="SystemDrive">&apos;C:&apos;</DebugSysEnvironmentVariables>
						<DebugSysEnvironmentVariables Name="SystemRoot">&apos;C:\Windows&apos;</DebugSysEnvironmentVariables>
						<DebugSysEnvironmentVariables Name="TEMP">&apos;C:\Users\PC-dev\AppData\Local\Temp&apos;</DebugSysEnvironmentVariables>
						<DebugSysEnvironmentVariables Name="TMP">&apos;C:\Users\PC-dev\AppData\Local\Temp&apos;</DebugSysEnvironmentVariables>
						<DebugSysEnvironmentVariables Name="USERDOMAIN">&apos;PC-dev-PC&apos;</DebugSysEnvironmentVariables>
						<DebugSysEnvironmentVariables Name="USERNAME">&apos;PC-dev&apos;</DebugSysEnvironmentVariables>
						<DebugSysEnvironmentVariables Name="USERPROFILE">&apos;C:\Users\PC-dev&apos;</DebugSysEnvironmentVariables>
						<DebugSysEnvironmentVariables Name="windir">&apos;C:\Windows&apos;</DebugSysEnvironmentVariables>
					</DebugSysEnvironmentVariables>
				</Delphi.Personality>
			</BorlandProject>
			<ProjectFileVersion>12</ProjectFileVersion>
		</ProjectExtensions>
	</Project>
